
Microsoft Visual Studio Solution File, Format Version 12.00
# Visual Studio Version 16
VisualStudioVersion = 16.0.31213.239
MinimumVisualStudioVersion = 10.0.40219.1
Project("{9A19103F-16F7-4668-BE54-9A1E7A4F7556}") = "DiscreteHalfNormal", "DiscreteHalfNormal\DiscreteHalfNormal.csproj", "{E5DBEFA9-247A-4745-BA87-F63CABDB1EC1}"
EndProject
Project("{2150E333-8FDC-42A3-9474-1A3956D46DE8}") = "Solution Items", "Solution Items", "{F57C744D-2F57-4521-8DB2-436DC81055F0}"
	ProjectSection(SolutionItems) = preProject
		README.md = README.md
	EndProjectSection
EndProject
Global
	GlobalSection(SolutionConfigurationPlatforms) = preSolution
		Debug|Any CPU = Debug|Any CPU
		Release|Any CPU = Release|Any CPU
	EndGlobalSection
	GlobalSection(ProjectConfigurationPlatforms) = postSolution
		{E5DBEFA9-247A-4745-BA87-F63CABDB1EC1}.Debug|Any CPU.ActiveCfg = Debug|Any CPU
		{E5DBEFA9-247A-4745-BA87-F63CABDB1EC1}.Debug|Any CPU.Build.0 = Debug|Any CPU
		{E5DBEFA9-247A-4745-BA87-F63CABDB1EC1}.Release|Any CPU.ActiveCfg = Release|Any CPU
		{E5DBEFA9-247A-4745-BA87-F63CABDB1EC1}.Release|Any CPU.Build.0 = Release|Any CPU
	EndGlobalSection
	GlobalSection(SolutionProperties) = preSolution
		HideSolutionNode = FALSE
	EndGlobalSection
	GlobalSection(ExtensibilityGlobals) = postSolution
		SolutionGuid = {4FCE0E70-F5BD-4929-9A5B-97111CC7E4E1}
	EndGlobalSection
EndGlobal
